
Microsoft Visual Studio Solution File, Format Version 12.00
# Visual Studio Version 17
VisualStudioVersion = 17.8.34205.153
MinimumVisualStudioVersion = 10.0.40219.1
Project("{FAE04EC0-301F-11D3-BF4B-00C04F79EFBC}") = "Calculate", "Calculate\Calculate.csproj", "{051F23BA-9E80-4170-8F80-88AD3ADD7758}"
EndProject
Global
	GlobalSection(SolutionConfigurationPlatforms) = preSolution
		Debug|Any CPU = Debug|Any CPU
		Release|Any CPU = Release|Any CPU
	EndGlobalSection
	GlobalSection(ProjectConfigurationPlatforms) = postSolution
		{051F23BA-9E80-4170-8F80-88AD3ADD7758}.Debug|Any CPU.ActiveCfg = Debug|Any CPU
		{051F23BA-9E80-4170-8F80-88AD3ADD7758}.Debug|Any CPU.Build.0 = Debug|Any CPU
		{051F23BA-9E80-4170-8F80-88AD3ADD7758}.Release|Any CPU.ActiveCfg = Release|Any CPU
		{051F23BA-9E80-4170-8F80-88AD3ADD7758}.Release|Any CPU.Build.0 = Release|Any CPU
	EndGlobalSection
	GlobalSection(SolutionProperties) = preSolution
		HideSolutionNode = FALSE
	EndGlobalSection
	GlobalSection(ExtensibilityGlobals) = postSolution
		SolutionGuid = {74AAB6EA-4143-4D7F-943B-C2882950E3E4}
	EndGlobalSection
EndGlobal
